// !$*UTF8*$!
{
	archiveVersion = 1;
	classes = {
	};
	objectVersion = 48;
	objects = {

/* Begin PBXBuildFile section */
		0806EEB035B0AEB8737F5A84 /* Pods_Feedetite.framework in Frameworks */ = {isa = PBXBuildFile; fileRef = 82E24453E656B12AAEB4AC5C /* Pods_Feedetite.framework */; };
		B9088AA82075E501008ECB36 /* SourceViewController.swift in Sources */ = {isa = PBXBuildFile; fileRef = B9088AA72075E501008ECB36 /* SourceViewController.swift */; };
		B9088AAA2075E53F008ECB36 /* FeedListController.swift in Sources */ = {isa = PBXBuildFile; fileRef = B9088AA92075E53F008ECB36 /* FeedListController.swift */; };
		B9450DEC205E169C00C6DC49 /* AppDelegate.swift in Sources */ = {isa = PBXBuildFile; fileRef = B9450DEB205E169C00C6DC49 /* AppDelegate.swift */; };
		B9450DF1205E169C00C6DC49 /* Main.storyboard in Resources */ = {isa = PBXBuildFile; fileRef = B9450DEF205E169C00C6DC49 /* Main.storyboard */; };
		B9450DF3205E169C00C6DC49 /* Assets.xcassets in Resources */ = {isa = PBXBuildFile; fileRef = B9450DF2205E169C00C6DC49 /* Assets.xcassets */; };
		B9450DF6205E169C00C6DC49 /* LaunchScreen.storyboard in Resources */ = {isa = PBXBuildFile; fileRef = B9450DF4205E169C00C6DC49 /* LaunchScreen.storyboard */; };
/* End PBXBuildFile section */

/* Begin PBXFileReference section */
		82E24453E656B12AAEB4AC5C /* Pods_Feedetite.framework */ = {isa = PBXFileReference; explicitFileType = wrapper.framework; includeInIndex = 0; path = Pods_Feedetite.framework; sourceTree = BUILT_PRODUCTS_DIR; };
		8DAA24CA4FC6FA30533DD3E7 /* Pods-Feedetite.debug.xcconfig */ = {isa = PBXFileReference; includeInIndex = 1; lastKnownFileType = text.xcconfig; name = "Pods-Feedetite.debug.xcconfig"; path = "Pods/Target Support Files/Pods-Feedetite/Pods-Feedetite.debug.xcconfig"; sourceTree = "<group>"; };
		B9088AA72075E501008ECB36 /* SourceViewController.swift */ = {isa = PBXFileReference; lastKnownFileType = sourcecode.swift; path = SourceViewController.swift; sourceTree = "<group>"; };
		B9088AA92075E53F008ECB36 /* FeedListController.swift */ = {isa = PBXFileReference; lastKnownFileType = sourcecode.swift; path = FeedListController.swift; sourceTree = "<group>"; };
		B9450DE8205E169B00C6DC49 /* Feedetite.app */ = {isa = PBXFileReference; explicitFileType = wrapper.application; includeInIndex = 0; path = Feedetite.app; sourceTree = BUILT_PRODUCTS_DIR; };
		B9450DEB205E169C00C6DC49 /* AppDelegate.swift */ = {isa = PBXFileReference; lastKnownFileType = sourcecode.swift; path = AppDelegate.swift; sourceTree = "<group>"; };
		B9450DF0205E169C00C6DC49 /* Base */ = {isa = PBXFileReference; lastKnownFileType = file.storyboard; name = Base; path = Base.lproj/Main.storyboard; sourceTree = "<group>"; };
		B9450DF2205E169C00C6DC49 /* Assets.xcassets */ = {isa = PBXFileReference; lastKnownFileType = folder.assetcatalog; path = Assets.xcassets; sourceTree = "<group>"; };
		B9450DF5205E169C00C6DC49 /* Base */ = {isa = PBXFileReference; lastKnownFileType = file.storyboard; name = Base; path = Base.lproj/LaunchScreen.storyboard; sourceTree = "<group>"; };
		B9450DF7205E169C00C6DC49 /* Info.plist */ = {isa = PBXFileReference; lastKnownFileType = text.plist.xml; path = Info.plist; sourceTree = "<group>"; };
		DB64FEBFE998245DEA6A36CD /* Pods-Feedetite.release.xcconfig */ = {isa = PBXFileReference; includeInIndex = 1; lastKnownFileType = text.xcconfig; name = "Pods-Feedetite.release.xcconfig"; path = "Pods/Target Support Files/Pods-Feedetite/Pods-Feedetite.release.xcconfig"; sourceTree = "<group>"; };
/* End PBXFileReference section */

/* Begin PBXFrameworksBuildPhase section */
		B9450DE5205E169B00C6DC49 /* Frameworks */ = {
			isa = PBXFrameworksBuildPhase;
			buildActionMask = 2147483647;
			files = (
				0806EEB035B0AEB8737F5A84 /* Pods_Feedetite.framework in Frameworks */,
			);
			runOnlyForDeploymentPostprocessing = 0;
		};
/* End PBXFrameworksBuildPhase section */

/* Begin PBXGroup section */
		14EBB584B815BC9405624108 /* Pods */ = {
			isa = PBXGroup;
			children = (
				8DAA24CA4FC6FA30533DD3E7 /* Pods-Feedetite.debug.xcconfig */,
				DB64FEBFE998245DEA6A36CD /* Pods-Feedetite.release.xcconfig */,
			);
			name = Pods;
			sourceTree = "<group>";
		};
		B90C16149B09FC6F610C3C51 /* Frameworks */ = {
			isa = PBXGroup;
			children = (
				82E24453E656B12AAEB4AC5C /* Pods_Feedetite.framework */,
			);
			name = Frameworks;
			sourceTree = "<group>";
		};
		B9450DDF205E169B00C6DC49 = {
			isa = PBXGroup;
			children = (
				B9450DEA205E169B00C6DC49 /* Feedetite */,
				B9450DE9205E169B00C6DC49 /* Products */,
				14EBB584B815BC9405624108 /* Pods */,
				B90C16149B09FC6F610C3C51 /* Frameworks */,
			);
			sourceTree = "<group>";
		};
		B9450DE9205E169B00C6DC49 /* Products */ = {
			isa = PBXGroup;
			children = (
				B9450DE8205E169B00C6DC49 /* Feedetite.app */,
			);
			name = Products;
			sourceTree = "<group>";
		};
		B9450DEA205E169B00C6DC49 /* Feedetite */ = {
			isa = PBXGroup;
			children = (
				B9450DEB205E169C00C6DC49 /* AppDelegate.swift */,
				B9088AA72075E501008ECB36 /* SourceViewController.swift */,
				B9088AA92075E53F008ECB36 /* FeedListController.swift */,
				B9450DEF205E169C00C6DC49 /* Main.storyboard */,
				B9450DF2205E169C00C6DC49 /* Assets.xcassets */,
				B9450DF4205E169C00C6DC49 /* LaunchScreen.storyboard */,
				B9450DF7205E169C00C6DC49 /* Info.plist */,
			);
			path = Feedetite;
			sourceTree = "<group>";
		};
/* End PBXGroup section */

/* Begin PBXNativeTarget section */
		B9450DE7205E169B00C6DC49 /* Feedetite */ = {
			isa = PBXNativeTarget;
			buildConfigurationList = B9450DFA205E169C00C6DC49 /* Build configuration list for PBXNativeTarget "Feedetite" */;
			buildPhases = (
				24AC26B65F1D9939C776EA09 /* [CP] Check Pods Manifest.lock */,
				B9450DE4205E169B00C6DC49 /* Sources */,
				B9450DE5205E169B00C6DC49 /* Frameworks */,
				B9450DE6205E169B00C6DC49 /* Resources */,
				3705FA07E7FDCEABF1BEC191 /* [CP] Embed Pods Frameworks */,
				1493A91CF4CA4685B40B8471 /* [CP] Copy Pods Resources */,
			);
			buildRules = (
			);
			dependencies = (
			);
			name = Feedetite;
			productName = Feedetite;
			productReference = B9450DE8205E169B00C6DC49 /* Feedetite.app */;
			productType = "com.apple.product-type.application";
		};
/* End PBXNativeTarget section */

/* Begin PBXProject section */
		B9450DE0205E169B00C6DC49 /* Project object */ = {
			isa = PBXProject;
			attributes = {
				LastSwiftUpdateCheck = 0920;
				LastUpgradeCheck = 0920;
				ORGANIZATIONNAME = "Vigneshwar Devendran";
				TargetAttributes = {
					B9450DE7205E169B00C6DC49 = {
						CreatedOnToolsVersion = 9.2;
						ProvisioningStyle = Automatic;
					};
				};
			};
			buildConfigurationList = B9450DE3205E169B00C6DC49 /* Build configuration list for PBXProject "Feedetite" */;
			compatibilityVersion = "Xcode 8.0";
			developmentRegion = en;
			hasScannedForEncodings = 0;
			knownRegions = (
				en,
				Base,
			);
			mainGroup = B9450DDF205E169B00C6DC49;
			productRefGroup = B9450DE9205E169B00C6DC49 /* Products */;
			projectDirPath = "";
			projectRoot = "";
			targets = (
				B9450DE7205E169B00C6DC49 /* Feedetite */,
			);
		};
/* End PBXProject section */

/* Begin PBXResourcesBuildPhase section */
		B9450DE6205E169B00C6DC49 /* Resources */ = {
			isa = PBXResourcesBuildPhase;
			buildActionMask = 2147483647;
			files = (
				B9450DF6205E169C00C6DC49 /* LaunchScreen.storyboard in Resources */,
				B9450DF3205E169C00C6DC49 /* Assets.xcassets in Resources */,
				B9450DF1205E169C00C6DC49 /* Main.storyboard in Resources */,
			);
			runOnlyForDeploymentPostprocessing = 0;
		};
/* End PBXResourcesBuildPhase section */

/* Begin PBXShellScriptBuildPhase section */
		1493A91CF4CA4685B40B8471 /* [CP] Copy Pods Resources */ = {
			isa = PBXShellScriptBuildPhase;
			buildActionMask = 2147483647;
			files = (
			);
			inputPaths = (
			);
			name = "[CP] Copy Pods Resources";
			outputPaths = (
			);
			runOnlyForDeploymentPostprocessing = 0;
			shellPath = /bin/sh;
			shellScript = "\"${SRCROOT}/Pods/Target Support Files/Pods-Feedetite/Pods-Feedetite-resources.sh\"\n";
			showEnvVarsInLog = 0;
		};
		24AC26B65F1D9939C776EA09 /* [CP] Check Pods Manifest.lock */ = {
			isa = PBXShellScriptBuildPhase;
			buildActionMask = 2147483647;
			files = (
			);
			inputPaths = (
				"${PODS_PODFILE_DIR_PATH}/Podfile.lock",
				"${PODS_ROOT}/Manifest.lock",
			);
			name = "[CP] Check Pods Manifest.lock";
			outputPaths = (
				"$(DERIVED_FILE_DIR)/Pods-Feedetite-checkManifestLockResult.txt",
			);
			runOnlyForDeploymentPostprocessing = 0;
			shellPath = /bin/sh;
			shellScript = "diff \"${PODS_PODFILE_DIR_PATH}/Podfile.lock\" \"${PODS_ROOT}/Manifest.lock\" > /dev/null\nif [ $? != 0 ] ; then\n    # print error to STDERR\n    echo \"error: The sandbox is not in sync with the Podfile.lock. Run 'pod install' or update your CocoaPods installation.\" >&2\n    exit 1\nfi\n# This output is used by Xcode 'outputs' to avoid re-running this script phase.\necho \"SUCCESS\" > \"${SCRIPT_OUTPUT_FILE_0}\"\n";
			showEnvVarsInLog = 0;
		};
		3705FA07E7FDCEABF1BEC191 /* [CP] Embed Pods Frameworks */ = {
			isa = PBXShellScriptBuildPhase;
			buildActionMask = 2147483647;
			files = (
			);
			inputPaths = (
				"${SRCROOT}/Pods/Target Support Files/Pods-Feedetite/Pods-Feedetite-frameworks.sh",
				"${BUILT_PRODUCTS_DIR}/FeedKit/FeedKit.framework",
			);
			name = "[CP] Embed Pods Frameworks";
			outputPaths = (
				"${TARGET_BUILD_DIR}/${FRAMEWORKS_FOLDER_PATH}/FeedKit.framework",
			);
			runOnlyForDeploymentPostprocessing = 0;
			shellPath = /bin/sh;
			shellScript = "\"${SRCROOT}/Pods/Target Support Files/Pods-Feedetite/Pods-Feedetite-frameworks.sh\"\n";
			showEnvVarsInLog = 0;
		};
/* End PBXShellScriptBuildPhase section */

/* Begin PBXSourcesBuildPhase section */
		B9450DE4205E169B00C6DC49 /* Sources */ = {
			isa = PBXSourcesBuildPhase;
			buildActionMask = 2147483647;
			files = (
				B9088AAA2075E53F008ECB36 /* FeedListController.swift in Sources */,
				B9450DEC205E169C00C6DC49 /* AppDelegate.swift in Sources */,
				B9088AA82075E501008ECB36 /* SourceViewController.swift in Sources */,
			);
			runOnlyForDeploymentPostprocessing = 0;
		};
/* End PBXSourcesBuildPhase section */

/* Begin PBXVariantGroup section */
		B9450DEF205E169C00C6DC49 /* Main.storyboard */ = {
			isa = PBXVariantGroup;
			children = (
				B9450DF0205E169C00C6DC49 /* Base */,
			);
			name = Main.storyboard;
			sourceTree = "<group>";
		};
		B9450DF4205E169C00C6DC49 /* LaunchScreen.storyboard */ = {
			isa = PBXVariantGroup;
			children = (
				B9450DF5205E169C00C6DC49 /* Base */,
			);
			name = LaunchScreen.storyboard;
			sourceTree = "<group>";
		};
/* End PBXVariantGroup section */

/* Begin XCBuildConfiguration section */
		B9450DF8205E169C00C6DC49 /* Debug */ = {
			isa = XCBuildConfiguration;
			buildSettings = {
				ALWAYS_SEARCH_USER_PATHS = NO;
				CLANG_ANALYZER_NONNULL = YES;
				CLANG_ANALYZER_NUMBER_OBJECT_CONVERSION = YES_AGGRESSIVE;
				CLANG_CXX_LANGUAGE_STANDARD = "gnu++14";
				CLANG_CXX_LIBRARY = "libc++";
				CLANG_ENABLE_MODULES = YES;
				CLANG_ENABLE_OBJC_ARC = YES;
				CLANG_WARN_BLOCK_CAPTURE_AUTORELEASING = YES;
				CLANG_WARN_BOOL_CONVERSION = YES;
				CLANG_WARN_COMMA = YES;
				CLANG_WARN_CONSTANT_CONVERSION = YES;
				CLANG_WARN_DIRECT_OBJC_ISA_USAGE = YES_ERROR;
				CLANG_WARN_DOCUMENTATION_COMMENTS = YES;
				CLANG_WARN_EMPTY_BODY = YES;
				CLANG_WARN_ENUM_CONVERSION = YES;
				CLANG_WARN_INFINITE_RECURSION = YES;
				CLANG_WARN_INT_CONVERSION = YES;
				CLANG_WARN_NON_LITERAL_NULL_CONVERSION = YES;
				CLANG_WARN_OBJC_LITERAL_CONVERSION = YES;
				CLANG_WARN_OBJC_ROOT_CLASS = YES_ERROR;
				CLANG_WARN_RANGE_LOOP_ANALYSIS = YES;
				CLANG_WARN_STRICT_PROTOTYPES = YES;
				CLANG_WARN_SUSPICIOUS_MOVE = YES;
				CLANG_WARN_UNGUARDED_AVAILABILITY = YES_AGGRESSIVE;
				CLANG_WARN_UNREACHABLE_CODE = YES;
				CLANG_WARN__DUPLICATE_METHOD_MATCH = YES;
				CODE_SIGN_IDENTITY = "iPhone Developer";
				COPY_PHASE_STRIP = NO;
				DEBUG_INFORMATION_FORMAT = dwarf;
				ENABLE_STRICT_OBJC_MSGSEND = YES;
				ENABLE_TESTABILITY = YES;
				GCC_C_LANGUAGE_STANDARD = gnu11;
				GCC_DYNAMIC_NO_PIC = NO;
				GCC_NO_COMMON_BLOCKS = YES;
				GCC_OPTIMIZATION_LEVEL = 0;
				GCC_PREPROCESSOR_DEFINITIONS = (
					"DEBUG=1",
					"$(inherited)",
				);
				GCC_WARN_64_TO_32_BIT_CONVERSION = YES;
				GCC_WARN_ABOUT_RETURN_TYPE = YES_ERROR;
				GCC_WARN_UNDECLARED_SELECTOR = YES;
				GCC_WARN_UNINITIALIZED_AUTOS = YES_AGGRESSIVE;
				GCC_WARN_UNUSED_FUNCTION = YES;
				GCC_WARN_UNUSED_VARIABLE = YES;
				IPHONEOS_DEPLOYMENT_TARGET = 11.2;
				MTL_ENABLE_DEBUG_INFO = YES;
				ONLY_ACTIVE_ARCH = YES;
				SDKROOT = iphoneos;
				SWIFT_ACTIVE_COMPILATION_CONDITIONS = DEBUG;
				SWIFT_OPTIMIZATION_LEVEL = "-Onone";
			};
			name = Debug;
		};
		B9450DF9205E169C00C6DC49 /* Release */ = {
			isa = XCBuildConfiguration;
			buildSettings = {
				ALWAYS_SEARCH_USER_PATHS = NO;
				CLANG_ANALYZER_NONNULL = YES;
				CLANG_ANALYZER_NUMBER_OBJECT_CONVERSION = YES_AGGRESSIVE;
				CLANG_CXX_LANGUAGE_STANDARD = "gnu++14";
				CLANG_CXX_LIBRARY = "libc++";
				CLANG_ENABLE_MODULES = YES;
				CLANG_ENABLE_OBJC_ARC = YES;
				CLANG_WARN_BLOCK_CAPTURE_AUTORELEASING = YES;
				CLANG_WARN_BOOL_CONVERSION = YES;
				CLANG_WARN_COMMA = YES;
				CLANG_WARN_CONSTANT_CONVERSION = YES;
				CLANG_WARN_DIRECT_OBJC_ISA_USAGE = YES_ERROR;
				CLANG_WARN_DOCUMENTATION_COMMENTS = YES;
				CLANG_WARN_EMPTY_BODY = YES;
				CLANG_WARN_ENUM_CONVERSION = YES;
				CLANG_WARN_INFINITE_RECURSION = YES;
				CLANG_WARN_INT_CONVERSION = YES;
				CLANG_WARN_NON_LITERAL_NULL_CONVERSION = YES;
				CLANG_WARN_OBJC_LITERAL_CONVERSION = YES;
				CLANG_WARN_OBJC_ROOT_CLASS = YES_ERROR;
				CLANG_WARN_RANGE_LOOP_ANALYSIS = YES;
				CLANG_WARN_STRICT_PROTOTYPES = YES;
				CLANG_WARN_SUSPICIOUS_MOVE = YES;
				CLANG_WARN_UNGUARDED_AVAILABILITY = YES_AGGRESSIVE;
				CLANG_WARN_UNREACHABLE_CODE = YES;
				CLANG_WARN__DUPLICATE_METHOD_MATCH = YES;
				CODE_SIGN_IDENTITY = "iPhone Developer";
				COPY_PHASE_STRIP = NO;
				DEBUG_INFORMATION_FORMAT = "dwarf-with-dsym";
				ENABLE_NS_ASSERTIONS = NO;
				ENABLE_STRICT_OBJC_MSGSEND = YES;
				GCC_C_LANGUAGE_STANDARD = gnu11;
				GCC_NO_COMMON_BLOCKS = YES;
				GCC_WARN_64_TO_32_BIT_CONVERSION = YES;
				GCC_WARN_ABOUT_RETURN_TYPE = YES_ERROR;
				GCC_WARN_UNDECLARED_SELECTOR = YES;
				GCC_WARN_UNINITIALIZED_AUTOS = YES_AGGRESSIVE;
				GCC_WARN_UNUSED_FUNCTION = YES;
				GCC_WARN_UNUSED_VARIABLE = YES;
				IPHONEOS_DEPLOYMENT_TARGET = 11.2;
				MTL_ENABLE_DEBUG_INFO = NO;
				SDKROOT = iphoneos;
				SWIFT_OPTIMIZATION_LEVEL = "-Owholemodule";
				VALIDATE_PRODUCT = YES;
			};
			name = Release;
		};
		B9450DFB205E169C00C6DC49 /* Debug */ = {
			isa = XCBuildConfiguration;
			baseConfigurationReference = 8DAA24CA4FC6FA30533DD3E7 /* Pods-Feedetite.debug.xcconfig */;
			buildSettings = {
				ASSETCATALOG_COMPILER_APPICON_NAME = AppIcon;
				CODE_SIGN_STYLE = Automatic;
				DEVELOPMENT_TEAM = AC848382SM;
				INFOPLIST_FILE = Feedetite/Info.plist;
				LD_RUNPATH_SEARCH_PATHS = "$(inherited) @executable_path/Frameworks";
				PRODUCT_BUNDLE_IDENTIFIER = "com.vigneshwar-devendran.Feedetite";
				PRODUCT_NAME = "$(TARGET_NAME)";
				SWIFT_VERSION = 4.0;
				TARGETED_DEVICE_FAMILY = "1,2";
			};
			name = Debug;
		};
		B9450DFC205E169C00C6DC49 /* Release */ = {
			isa = XCBuildConfiguration;
			baseConfigurationReference = DB64FEBFE998245DEA6A36CD /* Pods-Feedetite.release.xcconfig */;
			buildSettings = {
				ASSETCATALOG_COMPILER_APPICON_NAME = AppIcon;
				CODE_SIGN_STYLE = Automatic;
				DEVELOPMENT_TEAM = AC848382SM;
				INFOPLIST_FILE = Feedetite/Info.plist;
				LD_RUNPATH_SEARCH_PATHS = "$(inherited) @executable_path/Frameworks";
				PRODUCT_BUNDLE_IDENTIFIER = "com.vigneshwar-devendran.Feedetite";
				PRODUCT_NAME = "$(TARGET_NAME)";
				SWIFT_VERSION = 4.0;
				TARGETED_DEVICE_FAMILY = "1,2";
			};
			name = Release;
		};
/* End XCBuildConfiguration section */

/* Begin XCConfigurationList section */
		B9450DE3205E169B00C6DC49 /* Build configuration list for PBXProject "Feedetite" */ = {
			isa = XCConfigurationList;
			buildConfigurations = (
				B9450DF8205E169C00C6DC49 /* Debug */,
				B9450DF9205E169C00C6DC49 /* Release */,
			);
			defaultConfigurationIsVisible = 0;
			defaultConfigurationName = Release;
		};
		B9450DFA205E169C00C6DC49 /* Build configuration list for PBXNativeTarget "Feedetite" */ = {
			isa = XCConfigurationList;
			buildConfigurations = (
				B9450DFB205E169C00C6DC49 /* Debug */,
				B9450DFC205E169C00C6DC49 /* Release */,
			);
			defaultConfigurationIsVisible = 0;
			defaultConfigurationName = Release;
		};
/* End XCConfigurationList section */
	};
	rootObject = B9450DE0205E169B00C6DC49 /* Project object */;
}
